{
  "name": "standby-plus",
  "version": "1.0.0",
  "lockfileVersion": 3,
  "requires": true,
  "packages": {
    "": {
      "name": "standby-plus",
      "version": "1.0.0",
      "dependencies": {
        "@capacitor/android": "^6.0.0",
        "@capacitor/app": "^6.0.0",
        "@capacitor/cli": "^6.0.0",
        "@capacitor/core": "^6.0.0",
        "@capacitor/haptics": "^6.0.0",
        "@capacitor/ios": "^6.0.0",
        "@capacitor/local-notifications": "^6.0.0",
        "@capacitor/screen-orientation": "^6.0.0",
        "@capacitor/status-bar": "^6.0.0",
        "date-fns": "latest",
        "lucide-react": "latest",
        "motion": "latest",
        "react": "^18.2.0",
        "react-dom": "^18.2.0"
      }
    }
  }
}
